
Microsoft Visual Studio Solution File, Format Version 12.00
# Visual Studio 2012
Project("{FAE04EC0-301F-11D3-BF4B-00C04F79EFBC}") = "AnimalStore.Services", "AnimalStore.Web.API\AnimalStore.Services.csproj", "{BB811415-0BF8-44C8-96C2-7BE4048CA8CB}"
EndProject
Project("{2150E333-8FDC-42A3-9474-1A3956D46DE8}") = ".nuget", ".nuget", "{2DE462EE-7F1A-467E-BB93-A9EF1F0DDCEB}"
	ProjectSection(SolutionItems) = preProject
		.nuget\packages.config = .nuget\packages.config
	EndProjectSection
EndProject
Project("{FAE04EC0-301F-11D3-BF4B-00C04F79EFBC}") = "AnimalStore.Common", "AnimalStore.Common\AnimalStore.Common.csproj", "{02EBD9DE-36E8-4BDE-BFFE-180B7D7CD64A}"
EndProject
Global
	GlobalSection(SolutionConfigurationPlatforms) = preSolution
		Debug|Any CPU = Debug|Any CPU
		Release|Any CPU = Release|Any CPU
	EndGlobalSection
	GlobalSection(ProjectConfigurationPlatforms) = postSolution
		{BB811415-0BF8-44C8-96C2-7BE4048CA8CB}.Debug|Any CPU.ActiveCfg = Debug|Any CPU
		{BB811415-0BF8-44C8-96C2-7BE4048CA8CB}.Debug|Any CPU.Build.0 = Debug|Any CPU
		{BB811415-0BF8-44C8-96C2-7BE4048CA8CB}.Release|Any CPU.ActiveCfg = Release|Any CPU
		{BB811415-0BF8-44C8-96C2-7BE4048CA8CB}.Release|Any CPU.Build.0 = Release|Any CPU
		{02EBD9DE-36E8-4BDE-BFFE-180B7D7CD64A}.Debug|Any CPU.ActiveCfg = Debug|Any CPU
		{02EBD9DE-36E8-4BDE-BFFE-180B7D7CD64A}.Debug|Any CPU.Build.0 = Debug|Any CPU
		{02EBD9DE-36E8-4BDE-BFFE-180B7D7CD64A}.Release|Any CPU.ActiveCfg = Release|Any CPU
		{02EBD9DE-36E8-4BDE-BFFE-180B7D7CD64A}.Release|Any CPU.Build.0 = Release|Any CPU
	EndGlobalSection
	GlobalSection(SolutionProperties) = preSolution
		HideSolutionNode = FALSE
	EndGlobalSection
EndGlobal
