
Microsoft Visual Studio Solution File, Format Version 12.00
# Visual Studio Express 2012 for Web
Project("{FAE04EC0-301F-11D3-BF4B-00C04F79EFBC}") = "AnimalStore.Services", "AnimalStore.Web.API\AnimalStore.Services.csproj", "{BB811415-0BF8-44C8-96C2-7BE4048CA8CB}"
EndProject
Project("{2150E333-8FDC-42A3-9474-1A3956D46DE8}") = ".nuget", ".nuget", "{2DE462EE-7F1A-467E-BB93-A9EF1F0DDCEB}"
	ProjectSection(SolutionItems) = preProject
		.nuget\packages.config = .nuget\packages.config
	EndProjectSection
EndProject
Project("{FAE04EC0-301F-11D3-BF4B-00C04F79EFBC}") = "AnimalStore.Common", "AnimalStore.Common\AnimalStore.Common.csproj", "{02EBD9DE-36E8-4BDE-BFFE-180B7D7CD64A}"
EndProject
Project("{FAE04EC0-301F-11D3-BF4B-00C04F79EFBC}") = "AnimalStore.Model", "AnimalStore.Model\AnimalStore.Model.csproj", "{B574DB16-1972-4BFB-A0CB-5198139851F5}"
EndProject
Project("{FAE04EC0-301F-11D3-BF4B-00C04F79EFBC}") = "AnimalStore.Web", "AnimalStore.Web\AnimalStore.Web.csproj", "{E0B4D07B-42AE-4908-BDBA-F93C59D15739}"
EndProject
Project("{2150E333-8FDC-42A3-9474-1A3956D46DE8}") = "Tests", "Tests", "{02B41228-1086-4596-B0CC-32AC102AF440}"
EndProject
Project("{2150E333-8FDC-42A3-9474-1A3956D46DE8}") = "Unit", "Unit", "{27111D7A-E30E-4ED2-8D91-F0E648C239FB}"
EndProject
Project("{FAE04EC0-301F-11D3-BF4B-00C04F79EFBC}") = "AnimalStore.Common.UnitTests", "AnimalStore.Tests\Tests\Unit\AnimalStore.Common.UnitTests\AnimalStore.Common.UnitTests.csproj", "{15A41E3B-E37D-4668-9D35-3E5377F6FF6E}"
EndProject
Project("{FAE04EC0-301F-11D3-BF4B-00C04F79EFBC}") = "AnimalStore.Data.UnitTests", "AnimalStore.Tests\Tests\Unit\AnimalStore.Data.UnitTests\AnimalStore.Data.UnitTests.csproj", "{913FF8D0-57D0-419F-AFCC-D8D274556F97}"
EndProject
Project("{FAE04EC0-301F-11D3-BF4B-00C04F79EFBC}") = "AnimalStore.Model.UnitTests", "AnimalStore.Tests\Tests\Unit\AnimalStore.Model.UnitTests\AnimalStore.Model.UnitTests.csproj", "{BF0DC99A-ADCE-47C1-B18D-2C32588C1F71}"
EndProject
Project("{FAE04EC0-301F-11D3-BF4B-00C04F79EFBC}") = "AnimalStore.Services.UnitTests", "AnimalStore.Tests\Tests\Unit\AnimalStore.Services.UnitTests\AnimalStore.Services.UnitTests.csproj", "{D069CCBB-07B0-4D56-ACAD-6E76EDB4DB77}"
EndProject
Project("{FAE04EC0-301F-11D3-BF4B-00C04F79EFBC}") = "AnimalStore.Web.UnitTests", "AnimalStore.Tests\Tests\Unit\AnimalStore.Web.UnitTests\AnimalStore.Web.UnitTests.csproj", "{E9A75B37-B77E-4E19-9B4B-850887BB30F4}"
EndProject
Project("{FAE04EC0-301F-11D3-BF4B-00C04F79EFBC}") = "AnimalStore.Data", "AnimalStore.Data\AnimalStore.Data.csproj", "{C42A037C-0680-4D08-9BC0-1F6C1BDBE87F}"
EndProject
Project("{2150E333-8FDC-42A3-9474-1A3956D46DE8}") = "Solution Items", "Solution Items", "{86727352-3704-4FE9-BBD6-9D126E6CBFC1}"
EndProject
Global
	GlobalSection(SolutionConfigurationPlatforms) = preSolution
		Debug|Any CPU = Debug|Any CPU
		Release|Any CPU = Release|Any CPU
	EndGlobalSection
	GlobalSection(ProjectConfigurationPlatforms) = postSolution
		{BB811415-0BF8-44C8-96C2-7BE4048CA8CB}.Debug|Any CPU.ActiveCfg = Debug|Any CPU
		{BB811415-0BF8-44C8-96C2-7BE4048CA8CB}.Debug|Any CPU.Build.0 = Debug|Any CPU
		{BB811415-0BF8-44C8-96C2-7BE4048CA8CB}.Release|Any CPU.ActiveCfg = Release|Any CPU
		{BB811415-0BF8-44C8-96C2-7BE4048CA8CB}.Release|Any CPU.Build.0 = Release|Any CPU
		{02EBD9DE-36E8-4BDE-BFFE-180B7D7CD64A}.Debug|Any CPU.ActiveCfg = Debug|Any CPU
		{02EBD9DE-36E8-4BDE-BFFE-180B7D7CD64A}.Debug|Any CPU.Build.0 = Debug|Any CPU
		{02EBD9DE-36E8-4BDE-BFFE-180B7D7CD64A}.Release|Any CPU.ActiveCfg = Release|Any CPU
		{02EBD9DE-36E8-4BDE-BFFE-180B7D7CD64A}.Release|Any CPU.Build.0 = Release|Any CPU
		{B574DB16-1972-4BFB-A0CB-5198139851F5}.Debug|Any CPU.ActiveCfg = Debug|Any CPU
		{B574DB16-1972-4BFB-A0CB-5198139851F5}.Debug|Any CPU.Build.0 = Debug|Any CPU
		{B574DB16-1972-4BFB-A0CB-5198139851F5}.Release|Any CPU.ActiveCfg = Release|Any CPU
		{B574DB16-1972-4BFB-A0CB-5198139851F5}.Release|Any CPU.Build.0 = Release|Any CPU
		{E0B4D07B-42AE-4908-BDBA-F93C59D15739}.Debug|Any CPU.ActiveCfg = Debug|Any CPU
		{E0B4D07B-42AE-4908-BDBA-F93C59D15739}.Debug|Any CPU.Build.0 = Debug|Any CPU
		{E0B4D07B-42AE-4908-BDBA-F93C59D15739}.Release|Any CPU.ActiveCfg = Release|Any CPU
		{E0B4D07B-42AE-4908-BDBA-F93C59D15739}.Release|Any CPU.Build.0 = Release|Any CPU
		{15A41E3B-E37D-4668-9D35-3E5377F6FF6E}.Debug|Any CPU.ActiveCfg = Debug|Any CPU
		{15A41E3B-E37D-4668-9D35-3E5377F6FF6E}.Debug|Any CPU.Build.0 = Debug|Any CPU
		{15A41E3B-E37D-4668-9D35-3E5377F6FF6E}.Release|Any CPU.ActiveCfg = Release|Any CPU
		{15A41E3B-E37D-4668-9D35-3E5377F6FF6E}.Release|Any CPU.Build.0 = Release|Any CPU
		{913FF8D0-57D0-419F-AFCC-D8D274556F97}.Debug|Any CPU.ActiveCfg = Debug|Any CPU
		{913FF8D0-57D0-419F-AFCC-D8D274556F97}.Debug|Any CPU.Build.0 = Debug|Any CPU
		{913FF8D0-57D0-419F-AFCC-D8D274556F97}.Release|Any CPU.ActiveCfg = Release|Any CPU
		{913FF8D0-57D0-419F-AFCC-D8D274556F97}.Release|Any CPU.Build.0 = Release|Any CPU
		{BF0DC99A-ADCE-47C1-B18D-2C32588C1F71}.Debug|Any CPU.ActiveCfg = Debug|Any CPU
		{BF0DC99A-ADCE-47C1-B18D-2C32588C1F71}.Debug|Any CPU.Build.0 = Debug|Any CPU
		{BF0DC99A-ADCE-47C1-B18D-2C32588C1F71}.Release|Any CPU.ActiveCfg = Release|Any CPU
		{BF0DC99A-ADCE-47C1-B18D-2C32588C1F71}.Release|Any CPU.Build.0 = Release|Any CPU
		{D069CCBB-07B0-4D56-ACAD-6E76EDB4DB77}.Debug|Any CPU.ActiveCfg = Debug|Any CPU
		{D069CCBB-07B0-4D56-ACAD-6E76EDB4DB77}.Debug|Any CPU.Build.0 = Debug|Any CPU
		{D069CCBB-07B0-4D56-ACAD-6E76EDB4DB77}.Release|Any CPU.ActiveCfg = Release|Any CPU
		{D069CCBB-07B0-4D56-ACAD-6E76EDB4DB77}.Release|Any CPU.Build.0 = Release|Any CPU
		{E9A75B37-B77E-4E19-9B4B-850887BB30F4}.Debug|Any CPU.ActiveCfg = Debug|Any CPU
		{E9A75B37-B77E-4E19-9B4B-850887BB30F4}.Debug|Any CPU.Build.0 = Debug|Any CPU
		{E9A75B37-B77E-4E19-9B4B-850887BB30F4}.Release|Any CPU.ActiveCfg = Release|Any CPU
		{E9A75B37-B77E-4E19-9B4B-850887BB30F4}.Release|Any CPU.Build.0 = Release|Any CPU
		{C42A037C-0680-4D08-9BC0-1F6C1BDBE87F}.Debug|Any CPU.ActiveCfg = Debug|Any CPU
		{C42A037C-0680-4D08-9BC0-1F6C1BDBE87F}.Debug|Any CPU.Build.0 = Debug|Any CPU
		{C42A037C-0680-4D08-9BC0-1F6C1BDBE87F}.Release|Any CPU.ActiveCfg = Release|Any CPU
		{C42A037C-0680-4D08-9BC0-1F6C1BDBE87F}.Release|Any CPU.Build.0 = Release|Any CPU
	EndGlobalSection
	GlobalSection(SolutionProperties) = preSolution
		HideSolutionNode = FALSE
	EndGlobalSection
	GlobalSection(NestedProjects) = preSolution
		{27111D7A-E30E-4ED2-8D91-F0E648C239FB} = {02B41228-1086-4596-B0CC-32AC102AF440}
		{15A41E3B-E37D-4668-9D35-3E5377F6FF6E} = {27111D7A-E30E-4ED2-8D91-F0E648C239FB}
		{913FF8D0-57D0-419F-AFCC-D8D274556F97} = {27111D7A-E30E-4ED2-8D91-F0E648C239FB}
		{BF0DC99A-ADCE-47C1-B18D-2C32588C1F71} = {27111D7A-E30E-4ED2-8D91-F0E648C239FB}
		{D069CCBB-07B0-4D56-ACAD-6E76EDB4DB77} = {27111D7A-E30E-4ED2-8D91-F0E648C239FB}
		{E9A75B37-B77E-4E19-9B4B-850887BB30F4} = {27111D7A-E30E-4ED2-8D91-F0E648C239FB}
	EndGlobalSection
EndGlobal
